
Microsoft Visual Studio Solution File, Format Version 12.00
# Visual Studio Version 17
VisualStudioVersion = 17.0.31903.59
MinimumVisualStudioVersion = 10.0.40219.1
Project("{FAE04EC0-301F-11D3-BF4B-00C04F79EFBC}") = "Ecommerce.Domain", "Ecommerce.Domain\Ecommerce.Domain.csproj", "{A27FC7F5-F57F-4DF4-A67D-0D9E15BE0254}"
EndProject
Project("{FAE04EC0-301F-11D3-BF4B-00C04F79EFBC}") = "Ecommerce.Application", "Ecommerce.Application\Ecommerce.Application.csproj", "{06FCB535-CEA3-49DF-AD1F-AD54776D802B}"
EndProject
Project("{FAE04EC0-301F-11D3-BF4B-00C04F79EFBC}") = "Ecommerce.Infrastructure", "Ecommerce.Infrastructure\Ecommerce.Infrastructure.csproj", "{9B519ACC-B464-4060-8AC4-BB967A816213}"
EndProject
Project("{FAE04EC0-301F-11D3-BF4B-00C04F79EFBC}") = "Ecommerce.API", "Ecommerce.API\Ecommerce.API.csproj", "{95AB6E9D-159F-4B8A-A4EF-D9B685161329}"
EndProject
Global
	GlobalSection(SolutionConfigurationPlatforms) = preSolution
		Debug|Any CPU = Debug|Any CPU
		Debug|x64 = Debug|x64
		Debug|x86 = Debug|x86
		Release|Any CPU = Release|Any CPU
		Release|x64 = Release|x64
		Release|x86 = Release|x86
	EndGlobalSection
	GlobalSection(ProjectConfigurationPlatforms) = postSolution
		{A27FC7F5-F57F-4DF4-A67D-0D9E15BE0254}.Debug|Any CPU.ActiveCfg = Debug|Any CPU
		{A27FC7F5-F57F-4DF4-A67D-0D9E15BE0254}.Debug|Any CPU.Build.0 = Debug|Any CPU
		{A27FC7F5-F57F-4DF4-A67D-0D9E15BE0254}.Debug|x64.ActiveCfg = Debug|Any CPU
		{A27FC7F5-F57F-4DF4-A67D-0D9E15BE0254}.Debug|x64.Build.0 = Debug|Any CPU
		{A27FC7F5-F57F-4DF4-A67D-0D9E15BE0254}.Debug|x86.ActiveCfg = Debug|Any CPU
		{A27FC7F5-F57F-4DF4-A67D-0D9E15BE0254}.Debug|x86.Build.0 = Debug|Any CPU
		{A27FC7F5-F57F-4DF4-A67D-0D9E15BE0254}.Release|Any CPU.ActiveCfg = Release|Any CPU
		{A27FC7F5-F57F-4DF4-A67D-0D9E15BE0254}.Release|Any CPU.Build.0 = Release|Any CPU
		{A27FC7F5-F57F-4DF4-A67D-0D9E15BE0254}.Release|x64.ActiveCfg = Release|Any CPU
		{A27FC7F5-F57F-4DF4-A67D-0D9E15BE0254}.Release|x64.Build.0 = Release|Any CPU
		{A27FC7F5-F57F-4DF4-A67D-0D9E15BE0254}.Release|x86.ActiveCfg = Release|Any CPU
		{A27FC7F5-F57F-4DF4-A67D-0D9E15BE0254}.Release|x86.Build.0 = Release|Any CPU
		{06FCB535-CEA3-49DF-AD1F-AD54776D802B}.Debug|Any CPU.ActiveCfg = Debug|Any CPU
		{06FCB535-CEA3-49DF-AD1F-AD54776D802B}.Debug|Any CPU.Build.0 = Debug|Any CPU
		{06FCB535-CEA3-49DF-AD1F-AD54776D802B}.Debug|x64.ActiveCfg = Debug|Any CPU
		{06FCB535-CEA3-49DF-AD1F-AD54776D802B}.Debug|x64.Build.0 = Debug|Any CPU
		{06FCB535-CEA3-49DF-AD1F-AD54776D802B}.Debug|x86.ActiveCfg = Debug|Any CPU
		{06FCB535-CEA3-49DF-AD1F-AD54776D802B}.Debug|x86.Build.0 = Debug|Any CPU
		{06FCB535-CEA3-49DF-AD1F-AD54776D802B}.Release|Any CPU.ActiveCfg = Release|Any CPU
		{06FCB535-CEA3-49DF-AD1F-AD54776D802B}.Release|Any CPU.Build.0 = Release|Any CPU
		{06FCB535-CEA3-49DF-AD1F-AD54776D802B}.Release|x64.ActiveCfg = Release|Any CPU
		{06FCB535-CEA3-49DF-AD1F-AD54776D802B}.Release|x64.Build.0 = Release|Any CPU
		{06FCB535-CEA3-49DF-AD1F-AD54776D802B}.Release|x86.ActiveCfg = Release|Any CPU
		{06FCB535-CEA3-49DF-AD1F-AD54776D802B}.Release|x86.Build.0 = Release|Any CPU
		{9B519ACC-B464-4060-8AC4-BB967A816213}.Debug|Any CPU.ActiveCfg = Debug|Any CPU
		{9B519ACC-B464-4060-8AC4-BB967A816213}.Debug|Any CPU.Build.0 = Debug|Any CPU
		{9B519ACC-B464-4060-8AC4-BB967A816213}.Debug|x64.ActiveCfg = Debug|Any CPU
		{9B519ACC-B464-4060-8AC4-BB967A816213}.Debug|x64.Build.0 = Debug|Any CPU
		{9B519ACC-B464-4060-8AC4-BB967A816213}.Debug|x86.ActiveCfg = Debug|Any CPU
		{9B519ACC-B464-4060-8AC4-BB967A816213}.Debug|x86.Build.0 = Debug|Any CPU
		{9B519ACC-B464-4060-8AC4-BB967A816213}.Release|Any CPU.ActiveCfg = Release|Any CPU
		{9B519ACC-B464-4060-8AC4-BB967A816213}.Release|Any CPU.Build.0 = Release|Any CPU
		{9B519ACC-B464-4060-8AC4-BB967A816213}.Release|x64.ActiveCfg = Release|Any CPU
		{9B519ACC-B464-4060-8AC4-BB967A816213}.Release|x64.Build.0 = Release|Any CPU
		{9B519ACC-B464-4060-8AC4-BB967A816213}.Release|x86.ActiveCfg = Release|Any CPU
		{9B519ACC-B464-4060-8AC4-BB967A816213}.Release|x86.Build.0 = Release|Any CPU
		{95AB6E9D-159F-4B8A-A4EF-D9B685161329}.Debug|Any CPU.ActiveCfg = Debug|Any CPU
		{95AB6E9D-159F-4B8A-A4EF-D9B685161329}.Debug|Any CPU.Build.0 = Debug|Any CPU
		{95AB6E9D-159F-4B8A-A4EF-D9B685161329}.Debug|x64.ActiveCfg = Debug|Any CPU
		{95AB6E9D-159F-4B8A-A4EF-D9B685161329}.Debug|x64.Build.0 = Debug|Any CPU
		{95AB6E9D-159F-4B8A-A4EF-D9B685161329}.Debug|x86.ActiveCfg = Debug|Any CPU
		{95AB6E9D-159F-4B8A-A4EF-D9B685161329}.Debug|x86.Build.0 = Debug|Any CPU
		{95AB6E9D-159F-4B8A-A4EF-D9B685161329}.Release|Any CPU.ActiveCfg = Release|Any CPU
		{95AB6E9D-159F-4B8A-A4EF-D9B685161329}.Release|Any CPU.Build.0 = Release|Any CPU
		{95AB6E9D-159F-4B8A-A4EF-D9B685161329}.Release|x64.ActiveCfg = Release|Any CPU
		{95AB6E9D-159F-4B8A-A4EF-D9B685161329}.Release|x64.Build.0 = Release|Any CPU
		{95AB6E9D-159F-4B8A-A4EF-D9B685161329}.Release|x86.ActiveCfg = Release|Any CPU
		{95AB6E9D-159F-4B8A-A4EF-D9B685161329}.Release|x86.Build.0 = Release|Any CPU
	EndGlobalSection
	GlobalSection(SolutionProperties) = preSolution
		HideSolutionNode = FALSE
	EndGlobalSection
EndGlobal
